// !$*UTF8*$!
{
	archiveVersion = 1;
	classes = {
	};
	objectVersion = 50;
	objects = {

/* Begin PBXBuildFile section */
		8427819423835AE600006556 /* AppDelegate.swift in Sources */ = {isa = PBXBuildFile; fileRef = 8427819323835AE600006556 /* AppDelegate.swift */; };
		8427819623835AE600006556 /* SceneDelegate.swift in Sources */ = {isa = PBXBuildFile; fileRef = 8427819523835AE600006556 /* SceneDelegate.swift */; };
		8427819B23835AE600006556 /* Main.storyboard in Resources */ = {isa = PBXBuildFile; fileRef = 8427819923835AE600006556 /* Main.storyboard */; };
		8427819D23835AE800006556 /* Assets.xcassets in Resources */ = {isa = PBXBuildFile; fileRef = 8427819C23835AE800006556 /* Assets.xcassets */; };
		842781A023835AE800006556 /* LaunchScreen.storyboard in Resources */ = {isa = PBXBuildFile; fileRef = 8427819E23835AE800006556 /* LaunchScreen.storyboard */; };
		842781A92383695D00006556 /* SearchViewController.swift in Sources */ = {isa = PBXBuildFile; fileRef = 842781A82383695D00006556 /* SearchViewController.swift */; };
		843625E1238372DB007482E5 /* Track.swift in Sources */ = {isa = PBXBuildFile; fileRef = 843625E0238372DB007482E5 /* Track.swift */; };
		843625E32384995C007482E5 /* QueryService.swift in Sources */ = {isa = PBXBuildFile; fileRef = 843625E22384995C007482E5 /* QueryService.swift */; };
		843625E6238499D2007482E5 /* TrackList.swift in Sources */ = {isa = PBXBuildFile; fileRef = 843625E5238499D2007482E5 /* TrackList.swift */; };
		843625E82384B9A7007482E5 /* TrackCell.swift in Sources */ = {isa = PBXBuildFile; fileRef = 843625E72384B9A7007482E5 /* TrackCell.swift */; };
/* End PBXBuildFile section */

/* Begin PBXFileReference section */
		8427819023835AE600006556 /* FindSong.app */ = {isa = PBXFileReference; explicitFileType = wrapper.application; includeInIndex = 0; path = FindSong.app; sourceTree = BUILT_PRODUCTS_DIR; };
		8427819323835AE600006556 /* AppDelegate.swift */ = {isa = PBXFileReference; lastKnownFileType = sourcecode.swift; path = AppDelegate.swift; sourceTree = "<group>"; };
		8427819523835AE600006556 /* SceneDelegate.swift */ = {isa = PBXFileReference; lastKnownFileType = sourcecode.swift; path = SceneDelegate.swift; sourceTree = "<group>"; };
		8427819A23835AE600006556 /* Base */ = {isa = PBXFileReference; lastKnownFileType = file.storyboard; name = Base; path = Base.lproj/Main.storyboard; sourceTree = "<group>"; };
		8427819C23835AE800006556 /* Assets.xcassets */ = {isa = PBXFileReference; lastKnownFileType = folder.assetcatalog; path = Assets.xcassets; sourceTree = "<group>"; };
		8427819F23835AE800006556 /* Base */ = {isa = PBXFileReference; lastKnownFileType = file.storyboard; name = Base; path = Base.lproj/LaunchScreen.storyboard; sourceTree = "<group>"; };
		842781A123835AE800006556 /* Info.plist */ = {isa = PBXFileReference; lastKnownFileType = text.plist.xml; path = Info.plist; sourceTree = "<group>"; };
		842781A82383695D00006556 /* SearchViewController.swift */ = {isa = PBXFileReference; fileEncoding = 4; lastKnownFileType = sourcecode.swift; path = SearchViewController.swift; sourceTree = "<group>"; };
		843625E0238372DB007482E5 /* Track.swift */ = {isa = PBXFileReference; lastKnownFileType = sourcecode.swift; path = Track.swift; sourceTree = "<group>"; };
		843625E22384995C007482E5 /* QueryService.swift */ = {isa = PBXFileReference; lastKnownFileType = sourcecode.swift; path = QueryService.swift; sourceTree = "<group>"; };
		843625E5238499D2007482E5 /* TrackList.swift */ = {isa = PBXFileReference; lastKnownFileType = sourcecode.swift; path = TrackList.swift; sourceTree = "<group>"; };
		843625E72384B9A7007482E5 /* TrackCell.swift */ = {isa = PBXFileReference; lastKnownFileType = sourcecode.swift; path = TrackCell.swift; sourceTree = "<group>"; };
/* End PBXFileReference section */

/* Begin PBXFrameworksBuildPhase section */
		8427818D23835AE600006556 /* Frameworks */ = {
			isa = PBXFrameworksBuildPhase;
			buildActionMask = 2147483647;
			files = (
			);
			runOnlyForDeploymentPostprocessing = 0;
		};
/* End PBXFrameworksBuildPhase section */

/* Begin PBXGroup section */
		8427818723835AE600006556 = {
			isa = PBXGroup;
			children = (
				8427819223835AE600006556 /* FindSong */,
				8427819123835AE600006556 /* Products */,
			);
			sourceTree = "<group>";
		};
		8427819123835AE600006556 /* Products */ = {
			isa = PBXGroup;
			children = (
				8427819023835AE600006556 /* FindSong.app */,
			);
			name = Products;
			sourceTree = "<group>";
		};
		8427819223835AE600006556 /* FindSong */ = {
			isa = PBXGroup;
			children = (
				8427819323835AE600006556 /* AppDelegate.swift */,
				8427819523835AE600006556 /* SceneDelegate.swift */,
				842781A82383695D00006556 /* SearchViewController.swift */,
				843625E72384B9A7007482E5 /* TrackCell.swift */,
				843625DF238372BD007482E5 /* Model */,
				843625E42384999D007482E5 /* Networking */,
				8427819C23835AE800006556 /* Assets.xcassets */,
				8427819E23835AE800006556 /* LaunchScreen.storyboard */,
				8427819923835AE600006556 /* Main.storyboard */,
				842781A123835AE800006556 /* Info.plist */,
			);
			path = FindSong;
			sourceTree = "<group>";
		};
		843625DF238372BD007482E5 /* Model */ = {
			isa = PBXGroup;
			children = (
				843625E0238372DB007482E5 /* Track.swift */,
				843625E5238499D2007482E5 /* TrackList.swift */,
			);
			path = Model;
			sourceTree = "<group>";
		};
		843625E42384999D007482E5 /* Networking */ = {
			isa = PBXGroup;
			children = (
				843625E22384995C007482E5 /* QueryService.swift */,
			);
			path = Networking;
			sourceTree = "<group>";
		};
/* End PBXGroup section */

/* Begin PBXNativeTarget section */
		8427818F23835AE600006556 /* FindSong */ = {
			isa = PBXNativeTarget;
			buildConfigurationList = 842781A423835AE800006556 /* Build configuration list for PBXNativeTarget "FindSong" */;
			buildPhases = (
				8427818C23835AE600006556 /* Sources */,
				8427818D23835AE600006556 /* Frameworks */,
				8427818E23835AE600006556 /* Resources */,
			);
			buildRules = (
			);
			dependencies = (
			);
			name = FindSong;
			productName = FindSong;
			productReference = 8427819023835AE600006556 /* FindSong.app */;
			productType = "com.apple.product-type.application";
		};
/* End PBXNativeTarget section */

/* Begin PBXProject section */
		8427818823835AE600006556 /* Project object */ = {
			isa = PBXProject;
			attributes = {
				LastSwiftUpdateCheck = 1120;
				LastUpgradeCheck = 1120;
				ORGANIZATIONNAME = "Yurii Serediuk";
				TargetAttributes = {
					8427818F23835AE600006556 = {
						CreatedOnToolsVersion = 11.2.1;
					};
				};
			};
			buildConfigurationList = 8427818B23835AE600006556 /* Build configuration list for PBXProject "FindSong" */;
			compatibilityVersion = "Xcode 9.3";
			developmentRegion = en;
			hasScannedForEncodings = 0;
			knownRegions = (
				en,
				Base,
			);
			mainGroup = 8427818723835AE600006556;
			productRefGroup = 8427819123835AE600006556 /* Products */;
			projectDirPath = "";
			projectRoot = "";
			targets = (
				8427818F23835AE600006556 /* FindSong */,
			);
		};
/* End PBXProject section */

/* Begin PBXResourcesBuildPhase section */
		8427818E23835AE600006556 /* Resources */ = {
			isa = PBXResourcesBuildPhase;
			buildActionMask = 2147483647;
			files = (
				842781A023835AE800006556 /* LaunchScreen.storyboard in Resources */,
				8427819D23835AE800006556 /* Assets.xcassets in Resources */,
				8427819B23835AE600006556 /* Main.storyboard in Resources */,
			);
			runOnlyForDeploymentPostprocessing = 0;
		};
/* End PBXResourcesBuildPhase section */

/* Begin PBXSourcesBuildPhase section */
		8427818C23835AE600006556 /* Sources */ = {
			isa = PBXSourcesBuildPhase;
			buildActionMask = 2147483647;
			files = (
				843625E82384B9A7007482E5 /* TrackCell.swift in Sources */,
				8427819423835AE600006556 /* AppDelegate.swift in Sources */,
				842781A92383695D00006556 /* SearchViewController.swift in Sources */,
				8427819623835AE600006556 /* SceneDelegate.swift in Sources */,
				843625E6238499D2007482E5 /* TrackList.swift in Sources */,
				843625E32384995C007482E5 /* QueryService.swift in Sources */,
				843625E1238372DB007482E5 /* Track.swift in Sources */,
			);
			runOnlyForDeploymentPostprocessing = 0;
		};
/* End PBXSourcesBuildPhase section */

/* Begin PBXVariantGroup section */
		8427819923835AE600006556 /* Main.storyboard */ = {
			isa = PBXVariantGroup;
			children = (
				8427819A23835AE600006556 /* Base */,
			);
			name = Main.storyboard;
			sourceTree = "<group>";
		};
		8427819E23835AE800006556 /* LaunchScreen.storyboard */ = {
			isa = PBXVariantGroup;
			children = (
				8427819F23835AE800006556 /* Base */,
			);
			name = LaunchScreen.storyboard;
			sourceTree = "<group>";
		};
/* End PBXVariantGroup section */

/* Begin XCBuildConfiguration section */
		842781A223835AE800006556 /* Debug */ = {
			isa = XCBuildConfiguration;
			buildSettings = {
				ALWAYS_SEARCH_USER_PATHS = NO;
				CLANG_ANALYZER_NONNULL = YES;
				CLANG_ANALYZER_NUMBER_OBJECT_CONVERSION = YES_AGGRESSIVE;
				CLANG_CXX_LANGUAGE_STANDARD = "gnu++14";
				CLANG_CXX_LIBRARY = "libc++";
				CLANG_ENABLE_MODULES = YES;
				CLANG_ENABLE_OBJC_ARC = YES;
				CLANG_ENABLE_OBJC_WEAK = YES;
				CLANG_WARN_BLOCK_CAPTURE_AUTORELEASING = YES;
				CLANG_WARN_BOOL_CONVERSION = YES;
				CLANG_WARN_COMMA = YES;
				CLANG_WARN_CONSTANT_CONVERSION = YES;
				CLANG_WARN_DEPRECATED_OBJC_IMPLEMENTATIONS = YES;
				CLANG_WARN_DIRECT_OBJC_ISA_USAGE = YES_ERROR;
				CLANG_WARN_DOCUMENTATION_COMMENTS = YES;
				CLANG_WARN_EMPTY_BODY = YES;
				CLANG_WARN_ENUM_CONVERSION = YES;
				CLANG_WARN_INFINITE_RECURSION = YES;
				CLANG_WARN_INT_CONVERSION = YES;
				CLANG_WARN_NON_LITERAL_NULL_CONVERSION = YES;
				CLANG_WARN_OBJC_IMPLICIT_RETAIN_SELF = YES;
				CLANG_WARN_OBJC_LITERAL_CONVERSION = YES;
				CLANG_WARN_OBJC_ROOT_CLASS = YES_ERROR;
				CLANG_WARN_RANGE_LOOP_ANALYSIS = YES;
				CLANG_WARN_STRICT_PROTOTYPES = YES;
				CLANG_WARN_SUSPICIOUS_MOVE = YES;
				CLANG_WARN_UNGUARDED_AVAILABILITY = YES_AGGRESSIVE;
				CLANG_WARN_UNREACHABLE_CODE = YES;
				CLANG_WARN__DUPLICATE_METHOD_MATCH = YES;
				COPY_PHASE_STRIP = NO;
				DEBUG_INFORMATION_FORMAT = dwarf;
				ENABLE_STRICT_OBJC_MSGSEND = YES;
				ENABLE_TESTABILITY = YES;
				GCC_C_LANGUAGE_STANDARD = gnu11;
				GCC_DYNAMIC_NO_PIC = NO;
				GCC_NO_COMMON_BLOCKS = YES;
				GCC_OPTIMIZATION_LEVEL = 0;
				GCC_PREPROCESSOR_DEFINITIONS = (
					"DEBUG=1",
					"$(inherited)",
				);
				GCC_WARN_64_TO_32_BIT_CONVERSION = YES;
				GCC_WARN_ABOUT_RETURN_TYPE = YES_ERROR;
				GCC_WARN_UNDECLARED_SELECTOR = YES;
				GCC_WARN_UNINITIALIZED_AUTOS = YES_AGGRESSIVE;
				GCC_WARN_UNUSED_FUNCTION = YES;
				GCC_WARN_UNUSED_VARIABLE = YES;
				IPHONEOS_DEPLOYMENT_TARGET = 13.2;
				MTL_ENABLE_DEBUG_INFO = INCLUDE_SOURCE;
				MTL_FAST_MATH = YES;
				ONLY_ACTIVE_ARCH = YES;
				SDKROOT = iphoneos;
				SWIFT_ACTIVE_COMPILATION_CONDITIONS = DEBUG;
				SWIFT_OPTIMIZATION_LEVEL = "-Onone";
			};
			name = Debug;
		};
		842781A323835AE800006556 /* Release */ = {
			isa = XCBuildConfiguration;
			buildSettings = {
				ALWAYS_SEARCH_USER_PATHS = NO;
				CLANG_ANALYZER_NONNULL = YES;
				CLANG_ANALYZER_NUMBER_OBJECT_CONVERSION = YES_AGGRESSIVE;
				CLANG_CXX_LANGUAGE_STANDARD = "gnu++14";
				CLANG_CXX_LIBRARY = "libc++";
				CLANG_ENABLE_MODULES = YES;
				CLANG_ENABLE_OBJC_ARC = YES;
				CLANG_ENABLE_OBJC_WEAK = YES;
				CLANG_WARN_BLOCK_CAPTURE_AUTORELEASING = YES;
				CLANG_WARN_BOOL_CONVERSION = YES;
				CLANG_WARN_COMMA = YES;
				CLANG_WARN_CONSTANT_CONVERSION = YES;
				CLANG_WARN_DEPRECATED_OBJC_IMPLEMENTATIONS = YES;
				CLANG_WARN_DIRECT_OBJC_ISA_USAGE = YES_ERROR;
				CLANG_WARN_DOCUMENTATION_COMMENTS = YES;
				CLANG_WARN_EMPTY_BODY = YES;
				CLANG_WARN_ENUM_CONVERSION = YES;
				CLANG_WARN_INFINITE_RECURSION = YES;
				CLANG_WARN_INT_CONVERSION = YES;
				CLANG_WARN_NON_LITERAL_NULL_CONVERSION = YES;
				CLANG_WARN_OBJC_IMPLICIT_RETAIN_SELF = YES;
				CLANG_WARN_OBJC_LITERAL_CONVERSION = YES;
				CLANG_WARN_OBJC_ROOT_CLASS = YES_ERROR;
				CLANG_WARN_RANGE_LOOP_ANALYSIS = YES;
				CLANG_WARN_STRICT_PROTOTYPES = YES;
				CLANG_WARN_SUSPICIOUS_MOVE = YES;
				CLANG_WARN_UNGUARDED_AVAILABILITY = YES_AGGRESSIVE;
				CLANG_WARN_UNREACHABLE_CODE = YES;
				CLANG_WARN__DUPLICATE_METHOD_MATCH = YES;
				COPY_PHASE_STRIP = NO;
				DEBUG_INFORMATION_FORMAT = "dwarf-with-dsym";
				ENABLE_NS_ASSERTIONS = NO;
				ENABLE_STRICT_OBJC_MSGSEND = YES;
				GCC_C_LANGUAGE_STANDARD = gnu11;
				GCC_NO_COMMON_BLOCKS = YES;
				GCC_WARN_64_TO_32_BIT_CONVERSION = YES;
				GCC_WARN_ABOUT_RETURN_TYPE = YES_ERROR;
				GCC_WARN_UNDECLARED_SELECTOR = YES;
				GCC_WARN_UNINITIALIZED_AUTOS = YES_AGGRESSIVE;
				GCC_WARN_UNUSED_FUNCTION = YES;
				GCC_WARN_UNUSED_VARIABLE = YES;
				IPHONEOS_DEPLOYMENT_TARGET = 13.2;
				MTL_ENABLE_DEBUG_INFO = NO;
				MTL_FAST_MATH = YES;
				SDKROOT = iphoneos;
				SWIFT_COMPILATION_MODE = wholemodule;
				SWIFT_OPTIMIZATION_LEVEL = "-O";
				VALIDATE_PRODUCT = YES;
			};
			name = Release;
		};
		842781A523835AE800006556 /* Debug */ = {
			isa = XCBuildConfiguration;
			buildSettings = {
				ASSETCATALOG_COMPILER_APPICON_NAME = AppIcon;
				CODE_SIGN_STYLE = Automatic;
				DEVELOPMENT_TEAM = LU5LX54PUL;
				INFOPLIST_FILE = FindSong/Info.plist;
				LD_RUNPATH_SEARCH_PATHS = (
					"$(inherited)",
					"@executable_path/Frameworks",
				);
				PRODUCT_BUNDLE_IDENTIFIER = com.ysered.FindSong;
				PRODUCT_NAME = "$(TARGET_NAME)";
				SWIFT_VERSION = 5.0;
				TARGETED_DEVICE_FAMILY = "1,2";
			};
			name = Debug;
		};
		842781A623835AE800006556 /* Release */ = {
			isa = XCBuildConfiguration;
			buildSettings = {
				ASSETCATALOG_COMPILER_APPICON_NAME = AppIcon;
				CODE_SIGN_STYLE = Automatic;
				DEVELOPMENT_TEAM = LU5LX54PUL;
				INFOPLIST_FILE = FindSong/Info.plist;
				LD_RUNPATH_SEARCH_PATHS = (
					"$(inherited)",
					"@executable_path/Frameworks",
				);
				PRODUCT_BUNDLE_IDENTIFIER = com.ysered.FindSong;
				PRODUCT_NAME = "$(TARGET_NAME)";
				SWIFT_VERSION = 5.0;
				TARGETED_DEVICE_FAMILY = "1,2";
			};
			name = Release;
		};
/* End XCBuildConfiguration section */

/* Begin XCConfigurationList section */
		8427818B23835AE600006556 /* Build configuration list for PBXProject "FindSong" */ = {
			isa = XCConfigurationList;
			buildConfigurations = (
				842781A223835AE800006556 /* Debug */,
				842781A323835AE800006556 /* Release */,
			);
			defaultConfigurationIsVisible = 0;
			defaultConfigurationName = Release;
		};
		842781A423835AE800006556 /* Build configuration list for PBXNativeTarget "FindSong" */ = {
			isa = XCConfigurationList;
			buildConfigurations = (
				842781A523835AE800006556 /* Debug */,
				842781A623835AE800006556 /* Release */,
			);
			defaultConfigurationIsVisible = 0;
			defaultConfigurationName = Release;
		};
/* End XCConfigurationList section */
	};
	rootObject = 8427818823835AE600006556 /* Project object */;
}
